
Microsoft Visual Studio Solution File, Format Version 12.00
# Visual Studio Version 17
VisualStudioVersion = 17.4.33213.308
MinimumVisualStudioVersion = 10.0.40219.1
Project("{FAE04EC0-301F-11D3-BF4B-00C04F79EFBC}") = "ExtraMath", "ExtraMath\ExtraMath.csproj", "{E09DCF50-7778-42CC-A309-4159BD2B440B}"
EndProject
Global
	GlobalSection(SolutionConfigurationPlatforms) = preSolution
		Debug|Any CPU = Debug|Any CPU
		Release|Any CPU = Release|Any CPU
	EndGlobalSection
	GlobalSection(ProjectConfigurationPlatforms) = postSolution
		{E09DCF50-7778-42CC-A309-4159BD2B440B}.Debug|Any CPU.ActiveCfg = Debug|Any CPU
		{E09DCF50-7778-42CC-A309-4159BD2B440B}.Debug|Any CPU.Build.0 = Debug|Any CPU
		{E09DCF50-7778-42CC-A309-4159BD2B440B}.Release|Any CPU.ActiveCfg = Release|Any CPU
		{E09DCF50-7778-42CC-A309-4159BD2B440B}.Release|Any CPU.Build.0 = Release|Any CPU
	EndGlobalSection
	GlobalSection(SolutionProperties) = preSolution
		HideSolutionNode = FALSE
	EndGlobalSection
	GlobalSection(ExtensibilityGlobals) = postSolution
		SolutionGuid = {8E37DD6C-ADB7-4141-A506-908A11E0852A}
	EndGlobalSection
EndGlobal
